
Microsoft Visual Studio Solution File, Format Version 12.00
# Visual Studio Version 17
VisualStudioVersion = 17.14.36203.30 d17.14
MinimumVisualStudioVersion = 10.0.40219.1
Project("{FAE04EC0-301F-11D3-BF4B-00C04F79EFBC}") = "DataAccessLayer", "DataAccessLayer\DataAccessLayer.csproj", "{521EF44C-6E8B-434D-80CC-1B29F1B7AA4B}"
EndProject
Project("{FAE04EC0-301F-11D3-BF4B-00C04F79EFBC}") = "BusinessLayer", "BusinessLayer\BusinessLayer.csproj", "{1454645E-8082-47CC-B7A4-31064D447F0A}"
EndProject
Project("{FAE04EC0-301F-11D3-BF4B-00C04F79EFBC}") = "ConsoleAppTest", "ConsoleAppTest\ConsoleAppTest.csproj", "{D3DC80C8-95C7-4FD4-B7CB-56C2813FCAAB}"
EndProject
Global
	GlobalSection(SolutionConfigurationPlatforms) = preSolution
		Debug|Any CPU = Debug|Any CPU
		Release|Any CPU = Release|Any CPU
	EndGlobalSection
	GlobalSection(ProjectConfigurationPlatforms) = postSolution
		{521EF44C-6E8B-434D-80CC-1B29F1B7AA4B}.Debug|Any CPU.ActiveCfg = Debug|Any CPU
		{521EF44C-6E8B-434D-80CC-1B29F1B7AA4B}.Debug|Any CPU.Build.0 = Debug|Any CPU
		{521EF44C-6E8B-434D-80CC-1B29F1B7AA4B}.Release|Any CPU.ActiveCfg = Release|Any CPU
		{521EF44C-6E8B-434D-80CC-1B29F1B7AA4B}.Release|Any CPU.Build.0 = Release|Any CPU
		{1454645E-8082-47CC-B7A4-31064D447F0A}.Debug|Any CPU.ActiveCfg = Debug|Any CPU
		{1454645E-8082-47CC-B7A4-31064D447F0A}.Debug|Any CPU.Build.0 = Debug|Any CPU
		{1454645E-8082-47CC-B7A4-31064D447F0A}.Release|Any CPU.ActiveCfg = Release|Any CPU
		{1454645E-8082-47CC-B7A4-31064D447F0A}.Release|Any CPU.Build.0 = Release|Any CPU
		{D3DC80C8-95C7-4FD4-B7CB-56C2813FCAAB}.Debug|Any CPU.ActiveCfg = Debug|Any CPU
		{D3DC80C8-95C7-4FD4-B7CB-56C2813FCAAB}.Debug|Any CPU.Build.0 = Debug|Any CPU
		{D3DC80C8-95C7-4FD4-B7CB-56C2813FCAAB}.Release|Any CPU.ActiveCfg = Release|Any CPU
		{D3DC80C8-95C7-4FD4-B7CB-56C2813FCAAB}.Release|Any CPU.Build.0 = Release|Any CPU
	EndGlobalSection
	GlobalSection(SolutionProperties) = preSolution
		HideSolutionNode = FALSE
	EndGlobalSection
	GlobalSection(ExtensibilityGlobals) = postSolution
		SolutionGuid = {44FA7912-CC87-4D8C-AC14-D303DA3CD35A}
	EndGlobalSection
EndGlobal
